
Microsoft Visual Studio Solution File, Format Version 11.00
# Visual Studio 2010
Project("{8BC9CEB8-8B4A-11D0-8D11-00A0C91BC942}") = "SINRGE2 Core", "SINRGE2 Core\SINRGE2 Core.vcxproj", "{38CBEF20-8D49-4EDA-9125-1F7C6E94D0E3}"
EndProject
Project("{8BC9CEB8-8B4A-11D0-8D11-00A0C91BC942}") = "SINRGE2 Player", "SINRGE2 Player\SINRGE2 Player.vcxproj", "{535383FC-CD0C-4134-81FA-9CE22E8E0A66}"
EndProject
Global
	GlobalSection(SolutionConfigurationPlatforms) = preSolution
		Debug|Win32 = Debug|Win32
		Release|Win32 = Release|Win32
	EndGlobalSection
	GlobalSection(ProjectConfigurationPlatforms) = postSolution
		{38CBEF20-8D49-4EDA-9125-1F7C6E94D0E3}.Debug|Win32.ActiveCfg = Debug|Win32
		{38CBEF20-8D49-4EDA-9125-1F7C6E94D0E3}.Debug|Win32.Build.0 = Debug|Win32
		{38CBEF20-8D49-4EDA-9125-1F7C6E94D0E3}.Release|Win32.ActiveCfg = Release|Win32
		{38CBEF20-8D49-4EDA-9125-1F7C6E94D0E3}.Release|Win32.Build.0 = Release|Win32
		{535383FC-CD0C-4134-81FA-9CE22E8E0A66}.Debug|Win32.ActiveCfg = Debug|Win32
		{535383FC-CD0C-4134-81FA-9CE22E8E0A66}.Debug|Win32.Build.0 = Debug|Win32
		{535383FC-CD0C-4134-81FA-9CE22E8E0A66}.Release|Win32.ActiveCfg = Release|Win32
		{535383FC-CD0C-4134-81FA-9CE22E8E0A66}.Release|Win32.Build.0 = Release|Win32
	EndGlobalSection
	GlobalSection(SolutionProperties) = preSolution
		HideSolutionNode = FALSE
	EndGlobalSection
EndGlobal
