<?xml version="1.0" encoding="utf-8"?>
<Project ToolsVersion="4.0" xmlns="http://schemas.microsoft.com/developer/msbuild/2003">
  <ItemGroup>
    <Filter Include="源文件">
      <UniqueIdentifier>{4FC737F1-C7A5-4376-A066-2A32D752A2FF}</UniqueIdentifier>
      <Extensions>cpp;c;cc;cxx;def;odl;idl;hpj;bat;asm;asmx</Extensions>
    </Filter>
    <Filter Include="头文件">
      <UniqueIdentifier>{93995380-89BD-4b04-88EB-625FBE52EBFB}</UniqueIdentifier>
      <Extensions>h;hpp;hxx;hm;inl;inc;xsd</Extensions>
    </Filter>
    <Filter Include="资源文件">
      <UniqueIdentifier>{67DA6AB6-F800-4c08-8B7A-83BB121AAD01}</UniqueIdentifier>
      <Extensions>rc;ico;cur;bmp;dlg;rc2;rct;bin;rgs;gif;jpg;jpeg;jpe;resx;tiff;tif;png;wav;mfcribbon-ms</Extensions>
    </Filter>
  </ItemGroup>
  <ItemGroup>
    <ClInclude Include="resource.h">
      <Filter>头文件</Filter>
    </ClInclude>
    <ClInclude Include="7pkg.h">
      <Filter>源文件</Filter>
    </ClInclude>
    <ClInclude Include="TANGRAM.h">
      <Filter>源文件</Filter>
    </ClInclude>
    <ClInclude Include="zpWriteFile.h">
      <Filter>源文件</Filter>
    </ClInclude>
    <ClInclude Include="WriteCompressFile.h">
      <Filter>源文件</Filter>
    </ClInclude>
    <ClInclude Include="zpack.h">
      <Filter>源文件</Filter>
    </ClInclude>
    <ClInclude Include="zpCompressedFile.h">
      <Filter>源文件</Filter>
    </ClInclude>
    <ClInclude Include="zpFile.h">
      <Filter>源文件</Filter>
    </ClInclude>
    <ClInclude Include="zpPackage.h">
      <Filter>源文件</Filter>
    </ClInclude>
  </ItemGroup>
  <ItemGroup>
    <None Include="exports.def">
      <Filter>源文件</Filter>
    </None>
    <None Include="version_generator.rb" />
  </ItemGroup>
  <ItemGroup>
    <ResourceCompile Include="SINRGE2Ex.rc">
      <Filter>资源文件</Filter>
    </ResourceCompile>
  </ItemGroup>
  <ItemGroup>
    <ClCompile Include="7pkgReader.cpp">
      <Filter>源文件</Filter>
    </ClCompile>
    <ClCompile Include="7pkgWriter.cpp">
      <Filter>源文件</Filter>
    </ClCompile>
    <ClCompile Include="Entry.cpp">
      <Filter>源文件</Filter>
    </ClCompile>
    <ClCompile Include="TANGRAM.cpp">
      <Filter>源文件</Filter>
    </ClCompile>
    <ClCompile Include="WriteCompressFile.cpp">
      <Filter>源文件</Filter>
    </ClCompile>
    <ClCompile Include="zpack.cpp">
      <Filter>源文件</Filter>
    </ClCompile>
    <ClCompile Include="zpCompressedFile.cpp">
      <Filter>源文件</Filter>
    </ClCompile>
    <ClCompile Include="zpFile.cpp">
      <Filter>源文件</Filter>
    </ClCompile>
    <ClCompile Include="zpPackage.cpp">
      <Filter>源文件</Filter>
    </ClCompile>
    <ClCompile Include="zpWriteFile.cpp">
      <Filter>源文件</Filter>
    </ClCompile>
  </ItemGroup>
</Project>