<?xml version="1.0" encoding="utf-8"?>
<Project ToolsVersion="4.0" xmlns="http://schemas.microsoft.com/developer/msbuild/2003">
  <ItemGroup>
    <Filter Include="源文件">
      <UniqueIdentifier>{4FC737F1-C7A5-4376-A066-2A32D752A2FF}</UniqueIdentifier>
      <Extensions>cpp;c;cc;cxx;def;odl;idl;hpj;bat;asm;asmx</Extensions>
    </Filter>
    <Filter Include="头文件">
      <UniqueIdentifier>{93995380-89BD-4b04-88EB-625FBE52EBFB}</UniqueIdentifier>
      <Extensions>h;hpp;hxx;hm;inl;inc;xsd</Extensions>
    </Filter>
    <Filter Include="资源文件">
      <UniqueIdentifier>{67DA6AB6-F800-4c08-8B7A-83BB121AAD01}</UniqueIdentifier>
      <Extensions>rc;ico;cur;bmp;dlg;rc2;rct;bin;rgs;gif;jpg;jpeg;jpe;resx;tiff;tif;png;wav;mfcribbon-ms</Extensions>
    </Filter>
    <Filter Include="源文件\RubyExt">
      <UniqueIdentifier>{f8f0613e-cd39-4ef3-b053-6e230a71ae7f}</UniqueIdentifier>
    </Filter>
    <Filter Include="源文件\RbClass">
      <UniqueIdentifier>{b5ffc57d-1f3e-4815-b810-409fe05b64fe}</UniqueIdentifier>
    </Filter>
    <Filter Include="源文件\hge">
      <UniqueIdentifier>{6d16a844-e49c-4606-a80a-87ef71bca29a}</UniqueIdentifier>
    </Filter>
    <Filter Include="头文件\hge">
      <UniqueIdentifier>{a082db01-d929-4763-8835-b439cff8bf88}</UniqueIdentifier>
    </Filter>
    <Filter Include="头文件\ruby">
      <UniqueIdentifier>{d1d4607f-edb8-4bb6-9643-5b498a026bf2}</UniqueIdentifier>
    </Filter>
    <Filter Include="头文件\ruby\backward">
      <UniqueIdentifier>{b28dbcca-f227-4d3b-9d84-e20ad06deb3b}</UniqueIdentifier>
    </Filter>
    <Filter Include="头文件\seal">
      <UniqueIdentifier>{85f40164-6695-40fd-a6b9-73c0685106c7}</UniqueIdentifier>
    </Filter>
    <Filter Include="源文件\nge">
      <UniqueIdentifier>{b8536fc2-4382-4120-b682-43ca2c5f8ab4}</UniqueIdentifier>
    </Filter>
    <Filter Include="源文件\SINRGE2">
      <UniqueIdentifier>{71f14302-2fb7-47b5-888e-1fd7f2a82759}</UniqueIdentifier>
    </Filter>
    <Filter Include="源文件\rge">
      <UniqueIdentifier>{70754fd1-7b49-4202-aa21-833d6ef5df61}</UniqueIdentifier>
    </Filter>
  </ItemGroup>
  <ItemGroup>
    <ClCompile Include="Entry.cpp">
      <Filter>源文件</Filter>
    </ClCompile>
    <ClCompile Include="Kconv.cpp">
      <Filter>源文件</Filter>
    </ClCompile>
    <ClCompile Include="hge\graphics.cpp">
      <Filter>源文件\hge</Filter>
    </ClCompile>
    <ClCompile Include="hge\ini.cpp">
      <Filter>源文件\hge</Filter>
    </ClCompile>
    <ClCompile Include="hge\power.cpp">
      <Filter>源文件\hge</Filter>
    </ClCompile>
    <ClCompile Include="hge\random.cpp">
      <Filter>源文件\hge</Filter>
    </ClCompile>
    <ClCompile Include="hge\system.cpp">
      <Filter>源文件\hge</Filter>
    </ClCompile>
    <ClCompile Include="hge\timer.cpp">
      <Filter>源文件\hge</Filter>
    </ClCompile>
    <ClCompile Include="RbColor.cpp">
      <Filter>源文件\RbClass</Filter>
    </ClCompile>
    <ClCompile Include="RbFont.cpp">
      <Filter>源文件\RbClass</Filter>
    </ClCompile>
    <ClCompile Include="RbRect.cpp">
      <Filter>源文件\RbClass</Filter>
    </ClCompile>
    <ClCompile Include="RbTone.cpp">
      <Filter>源文件\RbClass</Filter>
    </ClCompile>
    <ClCompile Include="RbGlobal.cpp">
      <Filter>源文件\RbClass</Filter>
    </ClCompile>
    <ClCompile Include="hge\hgecolor.cpp">
      <Filter>源文件\hge</Filter>
    </ClCompile>
    <ClCompile Include="hge\hgedistort.cpp">
      <Filter>源文件\hge</Filter>
    </ClCompile>
    <ClCompile Include="hge\hgeparticle.cpp">
      <Filter>源文件\hge</Filter>
    </ClCompile>
    <ClCompile Include="hge\hgepmanager.cpp">
      <Filter>源文件\hge</Filter>
    </ClCompile>
    <ClCompile Include="hge\hgerect.cpp">
      <Filter>源文件\hge</Filter>
    </ClCompile>
    <ClCompile Include="hge\hgesprite.cpp">
      <Filter>源文件\hge</Filter>
    </ClCompile>
    <ClCompile Include="hge\hgestrings.cpp">
      <Filter>源文件\hge</Filter>
    </ClCompile>
    <ClCompile Include="hge\hgevector.cpp">
      <Filter>源文件\hge</Filter>
    </ClCompile>
    <ClCompile Include="RubyExt\nonblock.c">
      <Filter>源文件\RubyExt</Filter>
    </ClCompile>
    <ClCompile Include="RubyExt\wait.c">
      <Filter>源文件\RubyExt</Filter>
    </ClCompile>
    <ClCompile Include="RubyExt\zlib.c">
      <Filter>源文件\RubyExt</Filter>
    </ClCompile>
    <ClCompile Include="nge_timer.cpp">
      <Filter>源文件\nge</Filter>
    </ClCompile>
    <ClCompile Include="RbImage.cpp">
      <Filter>源文件\RbClass</Filter>
    </ClCompile>
    <ClCompile Include="RbGraphics.cpp">
      <Filter>源文件\RbClass</Filter>
    </ClCompile>
    <ClCompile Include="RbFrame.cpp">
      <Filter>源文件\RbClass</Filter>
    </ClCompile>
    <ClCompile Include="sin_graphics.cpp">
      <Filter>源文件\SINRGE2</Filter>
    </ClCompile>
    <ClCompile Include="sin_image.cpp">
      <Filter>源文件\SINRGE2</Filter>
    </ClCompile>
    <ClCompile Include="SINRGE2.cpp">
      <Filter>源文件\SINRGE2</Filter>
    </ClCompile>
    <ClCompile Include="RbBitmap.cpp">
      <Filter>源文件\RbClass</Filter>
    </ClCompile>
    <ClCompile Include="rge_resource.cpp">
      <Filter>源文件\rge</Filter>
    </ClCompile>
    <ClCompile Include="hge\resource.cpp">
      <Filter>头文件\hge</Filter>
    </ClCompile>
  </ItemGroup>
  <ItemGroup>
    <ClInclude Include="resource.h">
      <Filter>头文件</Filter>
    </ClInclude>
    <ClInclude Include="..\Contrib\include\ruby\config.h">
      <Filter>头文件\ruby</Filter>
    </ClInclude>
    <ClInclude Include="..\Contrib\include\ruby\debug.h">
      <Filter>头文件\ruby</Filter>
    </ClInclude>
    <ClInclude Include="..\Contrib\include\ruby\defines.h">
      <Filter>头文件\ruby</Filter>
    </ClInclude>
    <ClInclude Include="..\Contrib\include\ruby\digest.h">
      <Filter>头文件\ruby</Filter>
    </ClInclude>
    <ClInclude Include="..\Contrib\include\ruby\dl.h">
      <Filter>头文件\ruby</Filter>
    </ClInclude>
    <ClInclude Include="..\Contrib\include\ruby\encoding.h">
      <Filter>头文件\ruby</Filter>
    </ClInclude>
    <ClInclude Include="..\Contrib\include\ruby\intern.h">
      <Filter>头文件\ruby</Filter>
    </ClInclude>
    <ClInclude Include="..\Contrib\include\ruby\io.h">
      <Filter>头文件\ruby</Filter>
    </ClInclude>
    <ClInclude Include="..\Contrib\include\ruby\missing.h">
      <Filter>头文件\ruby</Filter>
    </ClInclude>
    <ClInclude Include="..\Contrib\include\ruby\oniguruma.h">
      <Filter>头文件\ruby</Filter>
    </ClInclude>
    <ClInclude Include="..\Contrib\include\ruby\re.h">
      <Filter>头文件\ruby</Filter>
    </ClInclude>
    <ClInclude Include="..\Contrib\include\ruby\regex.h">
      <Filter>头文件\ruby</Filter>
    </ClInclude>
    <ClInclude Include="..\Contrib\include\ruby\ruby.h">
      <Filter>头文件\ruby</Filter>
    </ClInclude>
    <ClInclude Include="..\Contrib\include\ruby\st.h">
      <Filter>头文件\ruby</Filter>
    </ClInclude>
    <ClInclude Include="..\Contrib\include\ruby\subst.h">
      <Filter>头文件\ruby</Filter>
    </ClInclude>
    <ClInclude Include="..\Contrib\include\ruby\thread.h">
      <Filter>头文件\ruby</Filter>
    </ClInclude>
    <ClInclude Include="..\Contrib\include\ruby\util.h">
      <Filter>头文件\ruby</Filter>
    </ClInclude>
    <ClInclude Include="..\Contrib\include\ruby\version.h">
      <Filter>头文件\ruby</Filter>
    </ClInclude>
    <ClInclude Include="..\Contrib\include\ruby\vm.h">
      <Filter>头文件\ruby</Filter>
    </ClInclude>
    <ClInclude Include="..\Contrib\include\ruby\win32.h">
      <Filter>头文件\ruby</Filter>
    </ClInclude>
    <ClInclude Include="..\Contrib\include\ruby\backward\classext.h">
      <Filter>头文件\ruby\backward</Filter>
    </ClInclude>
    <ClInclude Include="..\Contrib\include\ruby\backward\rubyio.h">
      <Filter>头文件\ruby\backward</Filter>
    </ClInclude>
    <ClInclude Include="..\Contrib\include\ruby\backward\rubysig.h">
      <Filter>头文件\ruby\backward</Filter>
    </ClInclude>
    <ClInclude Include="..\Contrib\include\ruby\backward\st.h">
      <Filter>头文件\ruby\backward</Filter>
    </ClInclude>
    <ClInclude Include="..\Contrib\include\ruby\backward\util.h">
      <Filter>头文件\ruby\backward</Filter>
    </ClInclude>
    <ClInclude Include="..\Contrib\include\seal\buf.h">
      <Filter>头文件\seal</Filter>
    </ClInclude>
    <ClInclude Include="..\Contrib\include\seal\core.h">
      <Filter>头文件\seal</Filter>
    </ClInclude>
    <ClInclude Include="..\Contrib\include\seal\efs.h">
      <Filter>头文件\seal</Filter>
    </ClInclude>
    <ClInclude Include="..\Contrib\include\seal\err.h">
      <Filter>头文件\seal</Filter>
    </ClInclude>
    <ClInclude Include="..\Contrib\include\seal\fmt.h">
      <Filter>头文件\seal</Filter>
    </ClInclude>
    <ClInclude Include="..\Contrib\include\seal\listener.h">
      <Filter>头文件\seal</Filter>
    </ClInclude>
    <ClInclude Include="..\Contrib\include\seal\raw.h">
      <Filter>头文件\seal</Filter>
    </ClInclude>
    <ClInclude Include="..\Contrib\include\seal\rvb.h">
      <Filter>头文件\seal</Filter>
    </ClInclude>
    <ClInclude Include="..\Contrib\include\seal\src.h">
      <Filter>头文件\seal</Filter>
    </ClInclude>
    <ClInclude Include="..\Contrib\include\seal\stream.h">
      <Filter>头文件\seal</Filter>
    </ClInclude>
    <ClInclude Include="hge\hge_impl.h">
      <Filter>源文件\hge</Filter>
    </ClInclude>
    <ClInclude Include="..\Contrib\include\hge\hge.h">
      <Filter>头文件\hge</Filter>
    </ClInclude>
    <ClInclude Include="..\Contrib\include\hge\hgeanim.h">
      <Filter>头文件\hge</Filter>
    </ClInclude>
    <ClInclude Include="..\Contrib\include\hge\hgecolor.h">
      <Filter>头文件\hge</Filter>
    </ClInclude>
    <ClInclude Include="..\Contrib\include\hge\hgedistort.h">
      <Filter>头文件\hge</Filter>
    </ClInclude>
    <ClInclude Include="..\Contrib\include\hge\hgeparticle.h">
      <Filter>头文件\hge</Filter>
    </ClInclude>
    <ClInclude Include="..\Contrib\include\hge\hgerect.h">
      <Filter>头文件\hge</Filter>
    </ClInclude>
    <ClInclude Include="..\Contrib\include\hge\hgesprite.h">
      <Filter>头文件\hge</Filter>
    </ClInclude>
    <ClInclude Include="..\Contrib\include\hge\hgestrings.h">
      <Filter>头文件\hge</Filter>
    </ClInclude>
    <ClInclude Include="..\Contrib\include\hge\hgevector.h">
      <Filter>头文件\hge</Filter>
    </ClInclude>
    <ClInclude Include="RbExport.h">
      <Filter>源文件\RbClass</Filter>
    </ClInclude>
    <ClInclude Include="AutoBuffer.h">
      <Filter>源文件</Filter>
    </ClInclude>
    <ClInclude Include="Kconv.h">
      <Filter>源文件</Filter>
    </ClInclude>
    <ClInclude Include="RbClassBase.h">
      <Filter>源文件\RbClass</Filter>
    </ClInclude>
    <ClInclude Include="RbColor.h">
      <Filter>源文件\RbClass</Filter>
    </ClInclude>
    <ClInclude Include="RbFont.h">
      <Filter>源文件\RbClass</Filter>
    </ClInclude>
    <ClInclude Include="RbRect.h">
      <Filter>源文件\RbClass</Filter>
    </ClInclude>
    <ClInclude Include="RbTone.h">
      <Filter>源文件\RbClass</Filter>
    </ClInclude>
    <ClInclude Include="..\Contrib\include\zlib.h">
      <Filter>头文件</Filter>
    </ClInclude>
    <ClInclude Include="..\Contrib\include\ruby.h">
      <Filter>头文件</Filter>
    </ClInclude>
    <ClInclude Include="..\Contrib\include\seal.h">
      <Filter>头文件</Filter>
    </ClInclude>
    <ClInclude Include="..\Contrib\include\zconf.h">
      <Filter>头文件</Filter>
    </ClInclude>
    <ClInclude Include="nge_common.h">
      <Filter>源文件\nge</Filter>
    </ClInclude>
    <ClInclude Include="nge_timer.h">
      <Filter>源文件\nge</Filter>
    </ClInclude>
    <ClInclude Include="sin_graphics.h">
      <Filter>源文件\SINRGE2</Filter>
    </ClInclude>
    <ClInclude Include="sin_image.h">
      <Filter>源文件\SINRGE2</Filter>
    </ClInclude>
    <ClInclude Include="sin_color.h">
      <Filter>源文件\SINRGE2</Filter>
    </ClInclude>
    <ClInclude Include="SINRGE2.h">
      <Filter>源文件\SINRGE2</Filter>
    </ClInclude>
    <ClInclude Include="sin_types.h">
      <Filter>源文件\SINRGE2</Filter>
    </ClInclude>
    <ClInclude Include="RbBitmap.h">
      <Filter>源文件\RbClass</Filter>
    </ClInclude>
    <ClInclude Include="auxSingleton.h">
      <Filter>源文件</Filter>
    </ClInclude>
    <ClInclude Include="rge_resource.h">
      <Filter>源文件\rge</Filter>
    </ClInclude>
    <ClInclude Include="sin_bitmap.h">
      <Filter>源文件\SINRGE2</Filter>
    </ClInclude>
  </ItemGroup>
  <ItemGroup>
    <ResourceCompile Include="SINRGE2 Core.rc">
      <Filter>资源文件</Filter>
    </ResourceCompile>
  </ItemGroup>
  <ItemGroup>
    <None Include="SINRGE2.def">
      <Filter>源文件\SINRGE2</Filter>
    </None>
  </ItemGroup>
</Project>