<?xml version="1.0" encoding="utf-8"?>
<Project ToolsVersion="4.0" xmlns="http://schemas.microsoft.com/developer/msbuild/2003">
  <ItemGroup>
    <Filter Include="源文件">
      <UniqueIdentifier>{4FC737F1-C7A5-4376-A066-2A32D752A2FF}</UniqueIdentifier>
      <Extensions>cpp;c;cc;cxx;def;odl;idl;hpj;bat;asm;asmx</Extensions>
    </Filter>
    <Filter Include="头文件">
      <UniqueIdentifier>{93995380-89BD-4b04-88EB-625FBE52EBFB}</UniqueIdentifier>
      <Extensions>h;hpp;hxx;hm;inl;inc;xsd</Extensions>
    </Filter>
    <Filter Include="资源文件">
      <UniqueIdentifier>{67DA6AB6-F800-4c08-8B7A-83BB121AAD01}</UniqueIdentifier>
      <Extensions>rc;ico;cur;bmp;dlg;rc2;rct;bin;rgs;gif;jpg;jpeg;jpe;resx;tiff;tif;png;wav;mfcribbon-ms</Extensions>
    </Filter>
    <Filter Include="头文件\ruby">
      <UniqueIdentifier>{f3ebef76-f1cc-459f-a897-95c51d213ab7}</UniqueIdentifier>
    </Filter>
    <Filter Include="头文件\ruby\bak">
      <UniqueIdentifier>{d0cfad19-f3fb-45c8-8f2f-6d990902c59f}</UniqueIdentifier>
    </Filter>
    <Filter Include="头文件\gl">
      <UniqueIdentifier>{6f1b2ae2-cf17-4ad9-8912-23aadeb431b1}</UniqueIdentifier>
    </Filter>
    <Filter Include="源文件\SINRGE2">
      <UniqueIdentifier>{00690c0e-e372-4865-a4cf-5b5df35c9ab8}</UniqueIdentifier>
    </Filter>
    <Filter Include="源文件\RubyExt">
      <UniqueIdentifier>{1fa368ec-b36b-4a2b-a4c0-dff636918408}</UniqueIdentifier>
    </Filter>
    <Filter Include="源文件\RbInterface">
      <UniqueIdentifier>{94a617b1-1e97-41d7-8225-25ee92570f79}</UniqueIdentifier>
    </Filter>
    <Filter Include="源文件\nge">
      <UniqueIdentifier>{18878753-13d9-4984-b6b2-f190502c17b5}</UniqueIdentifier>
    </Filter>
  </ItemGroup>
  <ItemGroup>
    <ClInclude Include="..\Contrib\include\ruby.h">
      <Filter>头文件</Filter>
    </ClInclude>
    <ClInclude Include="..\Contrib\include\zconf.h">
      <Filter>头文件</Filter>
    </ClInclude>
    <ClInclude Include="..\Contrib\include\zlib.h">
      <Filter>头文件</Filter>
    </ClInclude>
    <ClInclude Include="..\Contrib\include\ruby\config.h">
      <Filter>头文件\ruby</Filter>
    </ClInclude>
    <ClInclude Include="..\Contrib\include\ruby\debug.h">
      <Filter>头文件\ruby</Filter>
    </ClInclude>
    <ClInclude Include="..\Contrib\include\ruby\defines.h">
      <Filter>头文件\ruby</Filter>
    </ClInclude>
    <ClInclude Include="..\Contrib\include\ruby\digest.h">
      <Filter>头文件\ruby</Filter>
    </ClInclude>
    <ClInclude Include="..\Contrib\include\ruby\dl.h">
      <Filter>头文件\ruby</Filter>
    </ClInclude>
    <ClInclude Include="..\Contrib\include\ruby\encoding.h">
      <Filter>头文件\ruby</Filter>
    </ClInclude>
    <ClInclude Include="..\Contrib\include\ruby\intern.h">
      <Filter>头文件\ruby</Filter>
    </ClInclude>
    <ClInclude Include="..\Contrib\include\ruby\io.h">
      <Filter>头文件\ruby</Filter>
    </ClInclude>
    <ClInclude Include="..\Contrib\include\ruby\missing.h">
      <Filter>头文件\ruby</Filter>
    </ClInclude>
    <ClInclude Include="..\Contrib\include\ruby\oniguruma.h">
      <Filter>头文件\ruby</Filter>
    </ClInclude>
    <ClInclude Include="..\Contrib\include\ruby\re.h">
      <Filter>头文件\ruby</Filter>
    </ClInclude>
    <ClInclude Include="..\Contrib\include\ruby\regex.h">
      <Filter>头文件\ruby</Filter>
    </ClInclude>
    <ClInclude Include="..\Contrib\include\ruby\ruby.h">
      <Filter>头文件\ruby</Filter>
    </ClInclude>
    <ClInclude Include="..\Contrib\include\ruby\st.h">
      <Filter>头文件\ruby</Filter>
    </ClInclude>
    <ClInclude Include="..\Contrib\include\ruby\subst.h">
      <Filter>头文件\ruby</Filter>
    </ClInclude>
    <ClInclude Include="..\Contrib\include\ruby\thread.h">
      <Filter>头文件\ruby</Filter>
    </ClInclude>
    <ClInclude Include="..\Contrib\include\ruby\util.h">
      <Filter>头文件\ruby</Filter>
    </ClInclude>
    <ClInclude Include="..\Contrib\include\ruby\version.h">
      <Filter>头文件\ruby</Filter>
    </ClInclude>
    <ClInclude Include="..\Contrib\include\ruby\vm.h">
      <Filter>头文件\ruby</Filter>
    </ClInclude>
    <ClInclude Include="..\Contrib\include\ruby\win32.h">
      <Filter>头文件\ruby</Filter>
    </ClInclude>
    <ClInclude Include="..\Contrib\include\ruby\backward\classext.h">
      <Filter>头文件\ruby\bak</Filter>
    </ClInclude>
    <ClInclude Include="..\Contrib\include\ruby\backward\rubyio.h">
      <Filter>头文件\ruby\bak</Filter>
    </ClInclude>
    <ClInclude Include="..\Contrib\include\ruby\backward\rubysig.h">
      <Filter>头文件\ruby\bak</Filter>
    </ClInclude>
    <ClInclude Include="..\Contrib\include\ruby\backward\st.h">
      <Filter>头文件\ruby\bak</Filter>
    </ClInclude>
    <ClInclude Include="..\Contrib\include\ruby\backward\util.h">
      <Filter>头文件\ruby\bak</Filter>
    </ClInclude>
    <ClInclude Include="..\Contrib\include\gl\FGL.H">
      <Filter>头文件\gl</Filter>
    </ClInclude>
    <ClInclude Include="..\Contrib\include\gl\FGLU.H">
      <Filter>头文件\gl</Filter>
    </ClInclude>
    <ClInclude Include="..\Contrib\include\gl\FGLUT.H">
      <Filter>头文件\gl</Filter>
    </ClInclude>
    <ClInclude Include="..\Contrib\include\gl\gl.h">
      <Filter>头文件\gl</Filter>
    </ClInclude>
    <ClInclude Include="..\Contrib\include\gl\glew.h">
      <Filter>头文件\gl</Filter>
    </ClInclude>
    <ClInclude Include="..\Contrib\include\gl\GLSMAP.H">
      <Filter>头文件\gl</Filter>
    </ClInclude>
    <ClInclude Include="..\Contrib\include\gl\glu.h">
      <Filter>头文件\gl</Filter>
    </ClInclude>
    <ClInclude Include="..\Contrib\include\gl\GLUT.H">
      <Filter>头文件\gl</Filter>
    </ClInclude>
    <ClInclude Include="..\Contrib\include\gl\glxew.h">
      <Filter>头文件\gl</Filter>
    </ClInclude>
    <ClInclude Include="..\Contrib\include\gl\TUBE.H">
      <Filter>头文件\gl</Filter>
    </ClInclude>
    <ClInclude Include="..\Contrib\include\gl\wglew.h">
      <Filter>头文件\gl</Filter>
    </ClInclude>
    <ClInclude Include="sin_auto_buffer.h">
      <Filter>源文件\SINRGE2</Filter>
    </ClInclude>
    <ClInclude Include="sin_types.h">
      <Filter>源文件\SINRGE2</Filter>
    </ClInclude>
    <ClInclude Include="sin_bitmap.h">
      <Filter>源文件\SINRGE2</Filter>
    </ClInclude>
    <ClInclude Include="sin_color.h">
      <Filter>源文件\SINRGE2</Filter>
    </ClInclude>
    <ClInclude Include="sin_kconv.h">
      <Filter>源文件\SINRGE2</Filter>
    </ClInclude>
    <ClInclude Include="sin_timer.h">
      <Filter>源文件\SINRGE2</Filter>
    </ClInclude>
    <ClInclude Include="sin_graphics.h">
      <Filter>源文件\SINRGE2</Filter>
    </ClInclude>
  </ItemGroup>
  <ItemGroup>
    <ClCompile Include="Entry.cpp">
      <Filter>源文件</Filter>
    </ClCompile>
    <ClCompile Include="sin_kconv.cpp">
      <Filter>源文件\SINRGE2</Filter>
    </ClCompile>
    <ClCompile Include="sin_timer.cpp">
      <Filter>源文件\SINRGE2</Filter>
    </ClCompile>
    <ClCompile Include="RubyExt\nonblock.c">
      <Filter>源文件\RubyExt</Filter>
    </ClCompile>
    <ClCompile Include="RubyExt\wait.c">
      <Filter>源文件\RubyExt</Filter>
    </ClCompile>
    <ClCompile Include="RubyExt\zlib.c">
      <Filter>源文件\RubyExt</Filter>
    </ClCompile>
  </ItemGroup>
  <ItemGroup>
    <None Include="SINRGE2.def">
      <Filter>源文件</Filter>
    </None>
  </ItemGroup>
</Project>