<?xml version="1.0" encoding="utf-8"?>
<Project ToolsVersion="4.0" xmlns="http://schemas.microsoft.com/developer/msbuild/2003">
  <ItemGroup>
    <Filter Include="源文件">
      <UniqueIdentifier>{4FC737F1-C7A5-4376-A066-2A32D752A2FF}</UniqueIdentifier>
      <Extensions>cpp;c;cc;cxx;def;odl;idl;hpj;bat;asm;asmx</Extensions>
    </Filter>
    <Filter Include="头文件">
      <UniqueIdentifier>{93995380-89BD-4b04-88EB-625FBE52EBFB}</UniqueIdentifier>
      <Extensions>h;hpp;hxx;hm;inl;inc;xsd</Extensions>
    </Filter>
    <Filter Include="资源文件">
      <UniqueIdentifier>{67DA6AB6-F800-4c08-8B7A-83BB121AAD01}</UniqueIdentifier>
      <Extensions>rc;ico;cur;bmp;dlg;rc2;rct;bin;rgs;gif;jpg;jpeg;jpe;resx;tiff;tif;png;wav;mfcribbon-ms</Extensions>
    </Filter>
    <Filter Include="源文件\RubyExt">
      <UniqueIdentifier>{f8f0613e-cd39-4ef3-b053-6e230a71ae7f}</UniqueIdentifier>
    </Filter>
    <Filter Include="源文件\RbClass">
      <UniqueIdentifier>{b5ffc57d-1f3e-4815-b810-409fe05b64fe}</UniqueIdentifier>
    </Filter>
    <Filter Include="源文件\hge">
      <UniqueIdentifier>{6d16a844-e49c-4606-a80a-87ef71bca29a}</UniqueIdentifier>
    </Filter>
    <Filter Include="头文件\ruby">
      <UniqueIdentifier>{d1d4607f-edb8-4bb6-9643-5b498a026bf2}</UniqueIdentifier>
    </Filter>
    <Filter Include="头文件\ruby\backward">
      <UniqueIdentifier>{b28dbcca-f227-4d3b-9d84-e20ad06deb3b}</UniqueIdentifier>
    </Filter>
    <Filter Include="头文件\seal">
      <UniqueIdentifier>{85f40164-6695-40fd-a6b9-73c0685106c7}</UniqueIdentifier>
    </Filter>
    <Filter Include="源文件\nge">
      <UniqueIdentifier>{b8536fc2-4382-4120-b682-43ca2c5f8ab4}</UniqueIdentifier>
    </Filter>
    <Filter Include="源文件\SINRGE2">
      <UniqueIdentifier>{71f14302-2fb7-47b5-888e-1fd7f2a82759}</UniqueIdentifier>
    </Filter>
    <Filter Include="头文件\hge">
      <UniqueIdentifier>{ece89693-0f0e-498f-af10-c35fc274eff1}</UniqueIdentifier>
    </Filter>
    <Filter Include="源文件\Kconv">
      <UniqueIdentifier>{4a0c2493-e64c-4262-b344-5feef9aab6bb}</UniqueIdentifier>
    </Filter>
  </ItemGroup>
  <ItemGroup>
    <ClCompile Include="hge\graphics.cpp">
      <Filter>源文件\hge</Filter>
    </ClCompile>
    <ClCompile Include="hge\ini.cpp">
      <Filter>源文件\hge</Filter>
    </ClCompile>
    <ClCompile Include="hge\power.cpp">
      <Filter>源文件\hge</Filter>
    </ClCompile>
    <ClCompile Include="hge\random.cpp">
      <Filter>源文件\hge</Filter>
    </ClCompile>
    <ClCompile Include="hge\system.cpp">
      <Filter>源文件\hge</Filter>
    </ClCompile>
    <ClCompile Include="RbColor.cpp">
      <Filter>源文件\RbClass</Filter>
    </ClCompile>
    <ClCompile Include="RbFont.cpp">
      <Filter>源文件\RbClass</Filter>
    </ClCompile>
    <ClCompile Include="RbRect.cpp">
      <Filter>源文件\RbClass</Filter>
    </ClCompile>
    <ClCompile Include="RbTone.cpp">
      <Filter>源文件\RbClass</Filter>
    </ClCompile>
    <ClCompile Include="hge\hgecolor.cpp">
      <Filter>源文件\hge</Filter>
    </ClCompile>
    <ClCompile Include="hge\hgedistort.cpp">
      <Filter>源文件\hge</Filter>
    </ClCompile>
    <ClCompile Include="hge\hgeparticle.cpp">
      <Filter>源文件\hge</Filter>
    </ClCompile>
    <ClCompile Include="hge\hgepmanager.cpp">
      <Filter>源文件\hge</Filter>
    </ClCompile>
    <ClCompile Include="hge\hgerect.cpp">
      <Filter>源文件\hge</Filter>
    </ClCompile>
    <ClCompile Include="hge\hgesprite.cpp">
      <Filter>源文件\hge</Filter>
    </ClCompile>
    <ClCompile Include="hge\hgestrings.cpp">
      <Filter>源文件\hge</Filter>
    </ClCompile>
    <ClCompile Include="hge\hgevector.cpp">
      <Filter>源文件\hge</Filter>
    </ClCompile>
    <ClCompile Include="RubyExt\nonblock.c">
      <Filter>源文件\RubyExt</Filter>
    </ClCompile>
    <ClCompile Include="RubyExt\wait.c">
      <Filter>源文件\RubyExt</Filter>
    </ClCompile>
    <ClCompile Include="RubyExt\zlib.c">
      <Filter>源文件\RubyExt</Filter>
    </ClCompile>
    <ClCompile Include="nge_timer.cpp">
      <Filter>源文件\nge</Filter>
    </ClCompile>
    <ClCompile Include="RbBitmap.cpp">
      <Filter>源文件\RbClass</Filter>
    </ClCompile>
    <ClCompile Include="hge\resource.cpp">
      <Filter>源文件\hge</Filter>
    </ClCompile>
    <ClCompile Include="RbViewport.cpp">
      <Filter>源文件\RbClass</Filter>
    </ClCompile>
    <ClCompile Include="RbPlane.cpp">
      <Filter>源文件\RbClass</Filter>
    </ClCompile>
    <ClCompile Include="RbRenderTree.cpp">
      <Filter>源文件\RbClass</Filter>
    </ClCompile>
    <ClCompile Include="RbDisplayObject.cpp">
      <Filter>源文件\RbClass</Filter>
    </ClCompile>
    <ClCompile Include="RbSprite.cpp">
      <Filter>源文件\RbClass</Filter>
    </ClCompile>
    <ClCompile Include="RbInput.cpp">
      <Filter>源文件\RbClass</Filter>
    </ClCompile>
    <ClCompile Include="RbTable.cpp">
      <Filter>源文件\RbClass</Filter>
    </ClCompile>
    <ClCompile Include="RbSeal.cpp">
      <Filter>源文件\RbClass</Filter>
    </ClCompile>
    <ClCompile Include="sin_video.cpp">
      <Filter>源文件\SINRGE2</Filter>
    </ClCompile>
    <ClCompile Include="sin_app.cpp">
      <Filter>源文件\SINRGE2</Filter>
    </ClCompile>
    <ClCompile Include="RbSinCore.cpp">
      <Filter>源文件\RbClass</Filter>
    </ClCompile>
    <ClCompile Include="Entry.cpp">
      <Filter>源文件\Kconv</Filter>
    </ClCompile>
    <ClCompile Include="Kconv.cpp">
      <Filter>源文件\Kconv</Filter>
    </ClCompile>
    <ClCompile Include="sin_sprite.cpp">
      <Filter>源文件\SINRGE2</Filter>
    </ClCompile>
  </ItemGroup>
  <ItemGroup>
    <ClInclude Include="resource.h">
      <Filter>头文件</Filter>
    </ClInclude>
    <ClInclude Include="..\Contrib\include\ruby\config.h">
      <Filter>头文件\ruby</Filter>
    </ClInclude>
    <ClInclude Include="..\Contrib\include\ruby\debug.h">
      <Filter>头文件\ruby</Filter>
    </ClInclude>
    <ClInclude Include="..\Contrib\include\ruby\defines.h">
      <Filter>头文件\ruby</Filter>
    </ClInclude>
    <ClInclude Include="..\Contrib\include\ruby\digest.h">
      <Filter>头文件\ruby</Filter>
    </ClInclude>
    <ClInclude Include="..\Contrib\include\ruby\dl.h">
      <Filter>头文件\ruby</Filter>
    </ClInclude>
    <ClInclude Include="..\Contrib\include\ruby\encoding.h">
      <Filter>头文件\ruby</Filter>
    </ClInclude>
    <ClInclude Include="..\Contrib\include\ruby\intern.h">
      <Filter>头文件\ruby</Filter>
    </ClInclude>
    <ClInclude Include="..\Contrib\include\ruby\io.h">
      <Filter>头文件\ruby</Filter>
    </ClInclude>
    <ClInclude Include="..\Contrib\include\ruby\missing.h">
      <Filter>头文件\ruby</Filter>
    </ClInclude>
    <ClInclude Include="..\Contrib\include\ruby\oniguruma.h">
      <Filter>头文件\ruby</Filter>
    </ClInclude>
    <ClInclude Include="..\Contrib\include\ruby\re.h">
      <Filter>头文件\ruby</Filter>
    </ClInclude>
    <ClInclude Include="..\Contrib\include\ruby\regex.h">
      <Filter>头文件\ruby</Filter>
    </ClInclude>
    <ClInclude Include="..\Contrib\include\ruby\ruby.h">
      <Filter>头文件\ruby</Filter>
    </ClInclude>
    <ClInclude Include="..\Contrib\include\ruby\st.h">
      <Filter>头文件\ruby</Filter>
    </ClInclude>
    <ClInclude Include="..\Contrib\include\ruby\subst.h">
      <Filter>头文件\ruby</Filter>
    </ClInclude>
    <ClInclude Include="..\Contrib\include\ruby\thread.h">
      <Filter>头文件\ruby</Filter>
    </ClInclude>
    <ClInclude Include="..\Contrib\include\ruby\util.h">
      <Filter>头文件\ruby</Filter>
    </ClInclude>
    <ClInclude Include="..\Contrib\include\ruby\version.h">
      <Filter>头文件\ruby</Filter>
    </ClInclude>
    <ClInclude Include="..\Contrib\include\ruby\vm.h">
      <Filter>头文件\ruby</Filter>
    </ClInclude>
    <ClInclude Include="..\Contrib\include\ruby\win32.h">
      <Filter>头文件\ruby</Filter>
    </ClInclude>
    <ClInclude Include="..\Contrib\include\ruby\backward\classext.h">
      <Filter>头文件\ruby\backward</Filter>
    </ClInclude>
    <ClInclude Include="..\Contrib\include\ruby\backward\rubyio.h">
      <Filter>头文件\ruby\backward</Filter>
    </ClInclude>
    <ClInclude Include="..\Contrib\include\ruby\backward\rubysig.h">
      <Filter>头文件\ruby\backward</Filter>
    </ClInclude>
    <ClInclude Include="..\Contrib\include\ruby\backward\st.h">
      <Filter>头文件\ruby\backward</Filter>
    </ClInclude>
    <ClInclude Include="..\Contrib\include\ruby\backward\util.h">
      <Filter>头文件\ruby\backward</Filter>
    </ClInclude>
    <ClInclude Include="..\Contrib\include\seal\buf.h">
      <Filter>头文件\seal</Filter>
    </ClInclude>
    <ClInclude Include="..\Contrib\include\seal\core.h">
      <Filter>头文件\seal</Filter>
    </ClInclude>
    <ClInclude Include="..\Contrib\include\seal\efs.h">
      <Filter>头文件\seal</Filter>
    </ClInclude>
    <ClInclude Include="..\Contrib\include\seal\err.h">
      <Filter>头文件\seal</Filter>
    </ClInclude>
    <ClInclude Include="..\Contrib\include\seal\fmt.h">
      <Filter>头文件\seal</Filter>
    </ClInclude>
    <ClInclude Include="..\Contrib\include\seal\listener.h">
      <Filter>头文件\seal</Filter>
    </ClInclude>
    <ClInclude Include="..\Contrib\include\seal\raw.h">
      <Filter>头文件\seal</Filter>
    </ClInclude>
    <ClInclude Include="..\Contrib\include\seal\rvb.h">
      <Filter>头文件\seal</Filter>
    </ClInclude>
    <ClInclude Include="..\Contrib\include\seal\src.h">
      <Filter>头文件\seal</Filter>
    </ClInclude>
    <ClInclude Include="..\Contrib\include\seal\stream.h">
      <Filter>头文件\seal</Filter>
    </ClInclude>
    <ClInclude Include="hge\hge_impl.h">
      <Filter>源文件\hge</Filter>
    </ClInclude>
    <ClInclude Include="RbExport.h">
      <Filter>源文件\RbClass</Filter>
    </ClInclude>
    <ClInclude Include="RbClassBase.h">
      <Filter>源文件\RbClass</Filter>
    </ClInclude>
    <ClInclude Include="RbColor.h">
      <Filter>源文件\RbClass</Filter>
    </ClInclude>
    <ClInclude Include="RbFont.h">
      <Filter>源文件\RbClass</Filter>
    </ClInclude>
    <ClInclude Include="RbRect.h">
      <Filter>源文件\RbClass</Filter>
    </ClInclude>
    <ClInclude Include="RbTone.h">
      <Filter>源文件\RbClass</Filter>
    </ClInclude>
    <ClInclude Include="..\Contrib\include\zlib.h">
      <Filter>头文件</Filter>
    </ClInclude>
    <ClInclude Include="..\Contrib\include\ruby.h">
      <Filter>头文件</Filter>
    </ClInclude>
    <ClInclude Include="..\Contrib\include\seal.h">
      <Filter>头文件</Filter>
    </ClInclude>
    <ClInclude Include="..\Contrib\include\zconf.h">
      <Filter>头文件</Filter>
    </ClInclude>
    <ClInclude Include="nge_common.h">
      <Filter>源文件\nge</Filter>
    </ClInclude>
    <ClInclude Include="nge_timer.h">
      <Filter>源文件\nge</Filter>
    </ClInclude>
    <ClInclude Include="sin_color.h">
      <Filter>源文件\SINRGE2</Filter>
    </ClInclude>
    <ClInclude Include="sin_types.h">
      <Filter>源文件\SINRGE2</Filter>
    </ClInclude>
    <ClInclude Include="RbBitmap.h">
      <Filter>源文件\RbClass</Filter>
    </ClInclude>
    <ClInclude Include="sin_bitmap.h">
      <Filter>源文件\SINRGE2</Filter>
    </ClInclude>
    <ClInclude Include="RbViewport.h">
      <Filter>源文件\RbClass</Filter>
    </ClInclude>
    <ClInclude Include="RbPlane.h">
      <Filter>源文件\RbClass</Filter>
    </ClInclude>
    <ClInclude Include="RbRenderTree.h">
      <Filter>源文件\RbClass</Filter>
    </ClInclude>
    <ClInclude Include="RbDisplayObject.h">
      <Filter>源文件\RbClass</Filter>
    </ClInclude>
    <ClInclude Include="RbSprite.h">
      <Filter>源文件\RbClass</Filter>
    </ClInclude>
    <ClInclude Include="RbInput.h">
      <Filter>源文件\RbClass</Filter>
    </ClInclude>
    <ClInclude Include="RbTable.h">
      <Filter>源文件\RbClass</Filter>
    </ClInclude>
    <ClInclude Include="sin_common.h">
      <Filter>源文件\SINRGE2</Filter>
    </ClInclude>
    <ClInclude Include="hge\include\hge.h">
      <Filter>头文件\hge</Filter>
    </ClInclude>
    <ClInclude Include="hge\include\hgeanim.h">
      <Filter>头文件\hge</Filter>
    </ClInclude>
    <ClInclude Include="hge\include\hgecolor.h">
      <Filter>头文件\hge</Filter>
    </ClInclude>
    <ClInclude Include="hge\include\hgedistort.h">
      <Filter>头文件\hge</Filter>
    </ClInclude>
    <ClInclude Include="hge\include\hgeparticle.h">
      <Filter>头文件\hge</Filter>
    </ClInclude>
    <ClInclude Include="hge\include\hgerect.h">
      <Filter>头文件\hge</Filter>
    </ClInclude>
    <ClInclude Include="hge\include\hgesprite.h">
      <Filter>头文件\hge</Filter>
    </ClInclude>
    <ClInclude Include="hge\include\hgestrings.h">
      <Filter>头文件\hge</Filter>
    </ClInclude>
    <ClInclude Include="hge\include\hgevector.h">
      <Filter>头文件\hge</Filter>
    </ClInclude>
    <ClInclude Include="sin_video.h">
      <Filter>源文件\SINRGE2</Filter>
    </ClInclude>
    <ClInclude Include="sin_app.h">
      <Filter>源文件\SINRGE2</Filter>
    </ClInclude>
    <ClInclude Include="RbSeal.h">
      <Filter>源文件\RbClass</Filter>
    </ClInclude>
    <ClInclude Include="RbSinCore.h">
      <Filter>源文件\RbClass</Filter>
    </ClInclude>
    <ClInclude Include="AutoBuffer.h">
      <Filter>源文件\Kconv</Filter>
    </ClInclude>
    <ClInclude Include="Kconv.h">
      <Filter>源文件\Kconv</Filter>
    </ClInclude>
    <ClInclude Include="sin_sprite.h">
      <Filter>源文件\SINRGE2</Filter>
    </ClInclude>
  </ItemGroup>
  <ItemGroup>
    <ResourceCompile Include="SINRGE2 Core.rc">
      <Filter>资源文件</Filter>
    </ResourceCompile>
  </ItemGroup>
  <ItemGroup>
    <None Include="SINRGE2.def">
      <Filter>源文件\SINRGE2</Filter>
    </None>
  </ItemGroup>
</Project>